
Microsoft Visual Studio Solution File, Format Version 12.00
# Visual Studio Version 17
VisualStudioVersion = 17.2.32519.379
MinimumVisualStudioVersion = 10.0.40219.1
Project("{9A19103F-16F7-4668-BE54-9A1E7A4F7556}") = "Claims", "RestApi\Claims.csproj", "{268F67FB-056D-4843-8823-19A5F7848271}"
EndProject
Project("{2150E333-8FDC-42A3-9474-1A3956D46DE8}") = "Tests", "Tests", "{003F7774-8202-4837-8C40-72297F3876C1}"
EndProject
Project("{2150E333-8FDC-42A3-9474-1A3956D46DE8}") = "Business", "Business", "{56D50C45-9B0C-4100-9A16-36CB166090C6}"
EndProject
Project("{2150E333-8FDC-42A3-9474-1A3956D46DE8}") = "Persistance", "Persistance", "{AD33AF81-02EA-466E-817C-35EF55399C22}"
EndProject
Project("{2150E333-8FDC-42A3-9474-1A3956D46DE8}") = "Contracts", "Contracts", "{92F1E784-FF4A-409C-B75E-1F64555E2476}"
EndProject
Project("{9A19103F-16F7-4668-BE54-9A1E7A4F7556}") = "Claims.Business.Abstractions", "Business\Abstractions\Claims.Business.Abstractions.csproj", "{D625B19A-B5E3-4275-A9E1-4845616827CA}"
EndProject
Project("{9A19103F-16F7-4668-BE54-9A1E7A4F7556}") = "Claims.Business.Implementations", "Business\Implementations\Claims.Business.Implementations.csproj", "{C72B5562-64FA-4C43-B964-CE12661288FC}"
EndProject
Project("{9A19103F-16F7-4668-BE54-9A1E7A4F7556}") = "Claims.Business.IoC", "Business\IoC\Claims.Business.IoC.csproj", "{873ED987-764D-4899-9D4F-BC7226848815}"
EndProject
Project("{9A19103F-16F7-4668-BE54-9A1E7A4F7556}") = "Claims.Persistance.IoC", "Persistance\IoC\Claims.Persistance.IoC.csproj", "{0B012D47-88B9-4F05-A224-3F4245AADE30}"
EndProject
Project("{9A19103F-16F7-4668-BE54-9A1E7A4F7556}") = "Claims.Persistance.CosmosDb", "Persistance\CosmosDb\Claims.Persistance.CosmosDb.csproj", "{43A547D7-C5BE-4796-8CFE-D7AB5DFB1D5E}"
EndProject
Project("{9A19103F-16F7-4668-BE54-9A1E7A4F7556}") = "Claims.Persistance.Abstractions", "Persistance\Abstractions\Claims.Persistance.Abstractions.csproj", "{9F0A0B75-485D-4214-8D56-66B34C51BD16}"
EndProject
Project("{9A19103F-16F7-4668-BE54-9A1E7A4F7556}") = "Claims.Tests", "Tests\Claims.Tests.csproj", "{5F466564-FA0F-4B92-9C4F-E1A12A8BB224}"
EndProject
Project("{9A19103F-16F7-4668-BE54-9A1E7A4F7556}") = "Claims.Contracts", "Contracts\Claims.Contracts.csproj", "{40253433-2D81-438F-BF52-2B352CFF7702}"
EndProject
Project("{9A19103F-16F7-4668-BE54-9A1E7A4F7556}") = "Claims.Persistance.Sql", "Persistance\Sql\Claims.Persistance.Sql.csproj", "{21A6F092-1B75-4077-8BC4-5F27D34110B1}"
EndProject
Project("{2150E333-8FDC-42A3-9474-1A3956D46DE8}") = "Auditing", "Auditing", "{00ECF8F7-E530-41CE-81C4-BA9EE7006E27}"
EndProject
Project("{9A19103F-16F7-4668-BE54-9A1E7A4F7556}") = "Claims.Auditing.Abstractions", "Auditing\Abstractions\Claims.Auditing.Abstractions.csproj", "{5F1AB464-B860-4B2A-A5DD-BE326339B7A4}"
EndProject
Project("{9A19103F-16F7-4668-BE54-9A1E7A4F7556}") = "Claims.Auditing.Implementations", "Auditing\Implementations\Claims.Auditing.Implementations.csproj", "{85E24ADF-B27A-4987-A562-30FF0620F10B}"
EndProject
Project("{9A19103F-16F7-4668-BE54-9A1E7A4F7556}") = "Claims.Auditing.IoC", "Auditing\IoC\Claims.Auditing.IoC.csproj", "{17C56AAC-2FA8-409F-94A3-D6B2AC9B505F}"
EndProject
Global
	GlobalSection(SolutionConfigurationPlatforms) = preSolution
		Debug|Any CPU = Debug|Any CPU
		Release|Any CPU = Release|Any CPU
	EndGlobalSection
	GlobalSection(ProjectConfigurationPlatforms) = postSolution
		{268F67FB-056D-4843-8823-19A5F7848271}.Debug|Any CPU.ActiveCfg = Debug|Any CPU
		{268F67FB-056D-4843-8823-19A5F7848271}.Debug|Any CPU.Build.0 = Debug|Any CPU
		{268F67FB-056D-4843-8823-19A5F7848271}.Release|Any CPU.ActiveCfg = Release|Any CPU
		{268F67FB-056D-4843-8823-19A5F7848271}.Release|Any CPU.Build.0 = Release|Any CPU
		{D625B19A-B5E3-4275-A9E1-4845616827CA}.Debug|Any CPU.ActiveCfg = Debug|Any CPU
		{D625B19A-B5E3-4275-A9E1-4845616827CA}.Debug|Any CPU.Build.0 = Debug|Any CPU
		{D625B19A-B5E3-4275-A9E1-4845616827CA}.Release|Any CPU.ActiveCfg = Release|Any CPU
		{D625B19A-B5E3-4275-A9E1-4845616827CA}.Release|Any CPU.Build.0 = Release|Any CPU
		{C72B5562-64FA-4C43-B964-CE12661288FC}.Debug|Any CPU.ActiveCfg = Debug|Any CPU
		{C72B5562-64FA-4C43-B964-CE12661288FC}.Debug|Any CPU.Build.0 = Debug|Any CPU
		{C72B5562-64FA-4C43-B964-CE12661288FC}.Release|Any CPU.ActiveCfg = Release|Any CPU
		{C72B5562-64FA-4C43-B964-CE12661288FC}.Release|Any CPU.Build.0 = Release|Any CPU
		{873ED987-764D-4899-9D4F-BC7226848815}.Debug|Any CPU.ActiveCfg = Debug|Any CPU
		{873ED987-764D-4899-9D4F-BC7226848815}.Debug|Any CPU.Build.0 = Debug|Any CPU
		{873ED987-764D-4899-9D4F-BC7226848815}.Release|Any CPU.ActiveCfg = Release|Any CPU
		{873ED987-764D-4899-9D4F-BC7226848815}.Release|Any CPU.Build.0 = Release|Any CPU
		{0B012D47-88B9-4F05-A224-3F4245AADE30}.Debug|Any CPU.ActiveCfg = Debug|Any CPU
		{0B012D47-88B9-4F05-A224-3F4245AADE30}.Debug|Any CPU.Build.0 = Debug|Any CPU
		{0B012D47-88B9-4F05-A224-3F4245AADE30}.Release|Any CPU.ActiveCfg = Release|Any CPU
		{0B012D47-88B9-4F05-A224-3F4245AADE30}.Release|Any CPU.Build.0 = Release|Any CPU
		{43A547D7-C5BE-4796-8CFE-D7AB5DFB1D5E}.Debug|Any CPU.ActiveCfg = Debug|Any CPU
		{43A547D7-C5BE-4796-8CFE-D7AB5DFB1D5E}.Debug|Any CPU.Build.0 = Debug|Any CPU
		{43A547D7-C5BE-4796-8CFE-D7AB5DFB1D5E}.Release|Any CPU.ActiveCfg = Release|Any CPU
		{43A547D7-C5BE-4796-8CFE-D7AB5DFB1D5E}.Release|Any CPU.Build.0 = Release|Any CPU
		{9F0A0B75-485D-4214-8D56-66B34C51BD16}.Debug|Any CPU.ActiveCfg = Debug|Any CPU
		{9F0A0B75-485D-4214-8D56-66B34C51BD16}.Debug|Any CPU.Build.0 = Debug|Any CPU
		{9F0A0B75-485D-4214-8D56-66B34C51BD16}.Release|Any CPU.ActiveCfg = Release|Any CPU
		{9F0A0B75-485D-4214-8D56-66B34C51BD16}.Release|Any CPU.Build.0 = Release|Any CPU
		{5F466564-FA0F-4B92-9C4F-E1A12A8BB224}.Debug|Any CPU.ActiveCfg = Debug|Any CPU
		{5F466564-FA0F-4B92-9C4F-E1A12A8BB224}.Debug|Any CPU.Build.0 = Debug|Any CPU
		{5F466564-FA0F-4B92-9C4F-E1A12A8BB224}.Release|Any CPU.ActiveCfg = Release|Any CPU
		{5F466564-FA0F-4B92-9C4F-E1A12A8BB224}.Release|Any CPU.Build.0 = Release|Any CPU
		{40253433-2D81-438F-BF52-2B352CFF7702}.Debug|Any CPU.ActiveCfg = Debug|Any CPU
		{40253433-2D81-438F-BF52-2B352CFF7702}.Debug|Any CPU.Build.0 = Debug|Any CPU
		{40253433-2D81-438F-BF52-2B352CFF7702}.Release|Any CPU.ActiveCfg = Release|Any CPU
		{40253433-2D81-438F-BF52-2B352CFF7702}.Release|Any CPU.Build.0 = Release|Any CPU
		{21A6F092-1B75-4077-8BC4-5F27D34110B1}.Debug|Any CPU.ActiveCfg = Debug|Any CPU
		{21A6F092-1B75-4077-8BC4-5F27D34110B1}.Debug|Any CPU.Build.0 = Debug|Any CPU
		{21A6F092-1B75-4077-8BC4-5F27D34110B1}.Release|Any CPU.ActiveCfg = Release|Any CPU
		{21A6F092-1B75-4077-8BC4-5F27D34110B1}.Release|Any CPU.Build.0 = Release|Any CPU
		{5F1AB464-B860-4B2A-A5DD-BE326339B7A4}.Debug|Any CPU.ActiveCfg = Debug|Any CPU
		{5F1AB464-B860-4B2A-A5DD-BE326339B7A4}.Debug|Any CPU.Build.0 = Debug|Any CPU
		{5F1AB464-B860-4B2A-A5DD-BE326339B7A4}.Release|Any CPU.ActiveCfg = Release|Any CPU
		{5F1AB464-B860-4B2A-A5DD-BE326339B7A4}.Release|Any CPU.Build.0 = Release|Any CPU
		{85E24ADF-B27A-4987-A562-30FF0620F10B}.Debug|Any CPU.ActiveCfg = Debug|Any CPU
		{85E24ADF-B27A-4987-A562-30FF0620F10B}.Debug|Any CPU.Build.0 = Debug|Any CPU
		{85E24ADF-B27A-4987-A562-30FF0620F10B}.Release|Any CPU.ActiveCfg = Release|Any CPU
		{85E24ADF-B27A-4987-A562-30FF0620F10B}.Release|Any CPU.Build.0 = Release|Any CPU
		{17C56AAC-2FA8-409F-94A3-D6B2AC9B505F}.Debug|Any CPU.ActiveCfg = Debug|Any CPU
		{17C56AAC-2FA8-409F-94A3-D6B2AC9B505F}.Debug|Any CPU.Build.0 = Debug|Any CPU
		{17C56AAC-2FA8-409F-94A3-D6B2AC9B505F}.Release|Any CPU.ActiveCfg = Release|Any CPU
		{17C56AAC-2FA8-409F-94A3-D6B2AC9B505F}.Release|Any CPU.Build.0 = Release|Any CPU
	EndGlobalSection
	GlobalSection(SolutionProperties) = preSolution
		HideSolutionNode = FALSE
	EndGlobalSection
	GlobalSection(NestedProjects) = preSolution
		{D625B19A-B5E3-4275-A9E1-4845616827CA} = {56D50C45-9B0C-4100-9A16-36CB166090C6}
		{C72B5562-64FA-4C43-B964-CE12661288FC} = {56D50C45-9B0C-4100-9A16-36CB166090C6}
		{873ED987-764D-4899-9D4F-BC7226848815} = {56D50C45-9B0C-4100-9A16-36CB166090C6}
		{0B012D47-88B9-4F05-A224-3F4245AADE30} = {AD33AF81-02EA-466E-817C-35EF55399C22}
		{43A547D7-C5BE-4796-8CFE-D7AB5DFB1D5E} = {AD33AF81-02EA-466E-817C-35EF55399C22}
		{9F0A0B75-485D-4214-8D56-66B34C51BD16} = {AD33AF81-02EA-466E-817C-35EF55399C22}
		{5F466564-FA0F-4B92-9C4F-E1A12A8BB224} = {003F7774-8202-4837-8C40-72297F3876C1}
		{40253433-2D81-438F-BF52-2B352CFF7702} = {92F1E784-FF4A-409C-B75E-1F64555E2476}
		{21A6F092-1B75-4077-8BC4-5F27D34110B1} = {AD33AF81-02EA-466E-817C-35EF55399C22}
		{5F1AB464-B860-4B2A-A5DD-BE326339B7A4} = {00ECF8F7-E530-41CE-81C4-BA9EE7006E27}
		{85E24ADF-B27A-4987-A562-30FF0620F10B} = {00ECF8F7-E530-41CE-81C4-BA9EE7006E27}
		{17C56AAC-2FA8-409F-94A3-D6B2AC9B505F} = {00ECF8F7-E530-41CE-81C4-BA9EE7006E27}
	EndGlobalSection
	GlobalSection(ExtensibilityGlobals) = postSolution
		SolutionGuid = {9D4C1340-FBC4-4F35-944F-26237883E032}
	EndGlobalSection
EndGlobal
